
Microsoft Visual Studio Solution File, Format Version 12.00
# Visual Studio Version 16
VisualStudioVersion = 16.0.30413.136
MinimumVisualStudioVersion = 10.0.40219.1
Project("{FAE04EC0-301F-11D3-BF4B-00C04F79EFBC}") = "CoffeeShop", "CoffeeShop.csproj", "{1EDA52FA-97C7-46A6-B055-358A1D9F4BBE}"
EndProject
Global
	GlobalSection(SolutionConfigurationPlatforms) = preSolution
		Debug|Any CPU = Debug|Any CPU
		Release|Any CPU = Release|Any CPU
	EndGlobalSection
	GlobalSection(ProjectConfigurationPlatforms) = postSolution
		{1EDA52FA-97C7-46A6-B055-358A1D9F4BBE}.Debug|Any CPU.ActiveCfg = Debug|Any CPU
		{1EDA52FA-97C7-46A6-B055-358A1D9F4BBE}.Debug|Any CPU.Build.0 = Debug|Any CPU
		{1EDA52FA-97C7-46A6-B055-358A1D9F4BBE}.Release|Any CPU.ActiveCfg = Release|Any CPU
		{1EDA52FA-97C7-46A6-B055-358A1D9F4BBE}.Release|Any CPU.Build.0 = Release|Any CPU
	EndGlobalSection
	GlobalSection(SolutionProperties) = preSolution
		HideSolutionNode = FALSE
	EndGlobalSection
	GlobalSection(ExtensibilityGlobals) = postSolution
		SolutionGuid = {552B4698-0894-4508-94E2-4F2AABFF7078}
	EndGlobalSection
EndGlobal
